<Solution>
  <Folder Name="/eng/">
    <Project Path="eng/CatalogGen/CatalogGen.csproj" />
  </Folder>
  <Folder Name="/src/">
    <Project Path="src/DiagnosticCatalog.NetAnalyzers/DiagnosticCatalog.NetAnalyzers.csproj" />
    <Project Path="src/DiagnosticCatalog.Sonar/DiagnosticCatalog.Sonar.csproj" />
    <Project Path="src/DiagnosticCatalog.StyleCop/DiagnosticCatalog.StyleCop.csproj" />
    <Project Path="src/DiagnosticCatalog/DiagnosticCatalog.csproj" />
  </Folder>
  <Folder Name="/tests/">
    <Project Path="tests/CatalogGen.UnitTests/CatalogGen.UnitTests.csproj" />
    <Project Path="tests/DiagnosticCatalog.Catalogs.UnitTests/DiagnosticCatalog.Catalogs.UnitTests.csproj" />
    <Project Path="tests/DiagnosticCatalog.UnitTests/DiagnosticCatalog.UnitTests.csproj" />
  </Folder>
</Solution>
