<Solution>
  <Folder Name="/eng/">
    <Project Path="eng/CatalogGen/CatalogGen.csproj" />
    <Project Path="eng/CatalogGen.Worker/CatalogGen.Worker.csproj" />
  </Folder>
  <Folder Name="/src/">
    <Project Path="src/DiagnosticCatalog.Analyzers/DiagnosticCatalog.Analyzers.csproj" />
    <Project Path="src/DiagnosticCatalog.Cli/DiagnosticCatalog.Cli.csproj" />
    <Project Path="src/DiagnosticCatalog.CodeFixes/DiagnosticCatalog.CodeFixes.csproj" />
    <Project Path="src/DiagnosticCatalog.NetAnalyzers/DiagnosticCatalog.NetAnalyzers.csproj" />
    <Project Path="src/DiagnosticCatalog.Sonar/DiagnosticCatalog.Sonar.csproj" />
    <Project Path="src/DiagnosticCatalog.StyleCop/DiagnosticCatalog.StyleCop.csproj" />
    <Project Path="src/DiagnosticCatalog/DiagnosticCatalog.csproj" />
  </Folder>
  <Folder Name="/tests/">
    <Project Path="tests/CatalogGen.UnitTests/CatalogGen.UnitTests.csproj" />
    <Project Path="tests/DiagnosticCatalog.Analyzers.UnitTests/DiagnosticCatalog.Analyzers.UnitTests.csproj" />
    <Project Path="tests/DiagnosticCatalog.Catalogs.UnitTests/DiagnosticCatalog.Catalogs.UnitTests.csproj" />
    <Project Path="tests/DiagnosticCatalog.Cli.UnitTests/DiagnosticCatalog.Cli.UnitTests.csproj" />
    <Project Path="tests/DiagnosticCatalog.UnitTests/DiagnosticCatalog.UnitTests.csproj" />
  </Folder>
</Solution>
